version = 1
revision = 3
requires-python = ">=3.12"

[[package]]
name = "reed-solomon"
version = "0.1.0"
source = { virtual = "." }
dependencies = [
    { name = "zfec" },
]

[package.metadata]
requires-dist = [{ name = "zfec", specifier = ">=1.6.0.0" }]

[[package]]
name = "zfec"
version = "1.6.0.0"
source = { registry = "https://pypi.org/simple" }
sdist = { url = "https://files.pythonhosted.org/packages/fd/9a/765a38b15d56cb4b50dfa55226db413035586bc1e8ddc0b932a7fe96c24a/zfec-1.6.0.0.tar.gz", hash = "sha256:c5a1861c253b512698c2e733ae4d83f5e2d6ea6c881b7dbe11334b694e755a00", size = 84845, upload-time = "2024-11-15T19:21:25.756Z" }
wheels = [
    { url = "https://files.pythonhosted.org/packages/4b/da/f08ae31721e3424769bc24746b136f6e3f85f3006d5b6e30ee0feae6f72e/zfec-1.6.0.0-cp312-cp312-macosx_10_13_universal2.whl", hash = "sha256:4f2419af0872279e9f7e00a4b2b3a4fede3031eb48cbe551beda32567abcbedc", size = 70476, upload-time = "2024-11-15T19:20:34.978Z" },
    { url = "https://files.pythonhosted.org/packages/79/22/9071742362821007e1001dc4ef028024a87e7c00cc48edf4524fce7feb2e/zfec-1.6.0.0-cp312-cp312-macosx_10_13_x86_64.whl", hash = "sha256:9dd2d3c8aa6e1b1b850d62efab09696a41945777405d0de5ce2935b2065f7782", size = 59222, upload-time = "2024-11-15T19:20:36.044Z" },
    { url = "https://files.pythonhosted.org/packages/94/e1/3a623367bbf3cb49a22abc4e3548a258f847de44c49fb2ea410196ace90e/zfec-1.6.0.0-cp312-cp312-macosx_11_0_arm64.whl", hash = "sha256:5728b905aabe877df49d0acf0cbb759fa1ceaf8f35ea564d0b62986f38d20d89", size = 58953, upload-time = "2024-11-15T19:20:37.103Z" },
    { url = "https://files.pythonhosted.org/packages/3a/d9/76dbd8d20c43a6907a09d6a8adcbbf3617c8ca6ebda5c4daeb6a1caf35e7/zfec-1.6.0.0-cp312-cp312-manylinux_2_17_x86_64.manylinux2014_x86_64.manylinux_2_28_x86_64.whl", hash = "sha256:52832b41d06b054b0a13b2500806e5635cab44e8b213d119440593753097085d", size = 94793, upload-time = "2024-11-15T19:20:38.194Z" },
    { url = "https://files.pythonhosted.org/packages/f0/35/3ae563d3e6f4134affb69cefe0b95069d95b9507faee9ac617640bd3b98a/zfec-1.6.0.0-cp312-cp312-manylinux_2_5_i686.manylinux1_i686.manylinux_2_17_i686.manylinux2014_i686.whl", hash = "sha256:1c4ff2f4b94d76c0eb86d1628e19c5f5d100890e03d6670d3bcab0c813fd5605", size = 83311, upload-time = "2024-11-15T19:20:39.268Z" },
    { url = "https://files.pythonhosted.org/packages/5c/a6/8c11e43a061ee21e5783f0a8df9f75271c4edde43e9ae4efadeb9baba1d8/zfec-1.6.0.0-cp312-cp312-musllinux_1_2_i686.whl", hash = "sha256:711879d7eb7582f94b994c9c930764ac5d0d248b58911365e872ee139980e117", size = 94601, upload-time = "2024-11-15T19:20:40.236Z" },
    { url = "https://files.pythonhosted.org/packages/f3/34/d742aceeb74e4e18f17e5593d8a9d37867829e28b9e241aa801af7f35ebe/zfec-1.6.0.0-cp312-cp312-musllinux_1_2_x86_64.whl", hash = "sha256:212041c36148a5d11c06b157098201efc0c37f01d425b6dd5d443378bf6ce939", size = 93999, upload-time = "2024-11-15T19:20:41.294Z" },
    { url = "https://files.pythonhosted.org/packages/7a/7f/70171595bd6b41c94bd12018cf49b5c31d893c27456e81eebb91c25a475a/zfec-1.6.0.0-cp312-cp312-win32.whl", hash = "sha256:c54313fc627e834652b9951c4c791efa3879e975afa904527421f23d81e32506", size = 59434, upload-time = "2024-11-15T19:20:42.341Z" },
    { url = "https://files.pythonhosted.org/packages/84/df/5612a1ed78ca60a2e20db9528ec58201c662f70761095adb4d4484d09d44/zfec-1.6.0.0-cp312-cp312-win_amd64.whl", hash = "sha256:aef6270702d2da94fa7cbd4499e8ad7a27e40869644034664f5f68f59a0a4a72", size = 61044, upload-time = "2024-11-15T19:20:44.11Z" },
    { url = "https://files.pythonhosted.org/packages/41/c6/46352b5a6ef4edd718193f207cdddc968b3b2335a59fc7ddddf7b84eb91f/zfec-1.6.0.0-cp313-cp313-macosx_10_13_universal2.whl", hash = "sha256:18d7ad287a9a1d9de731a083f20eb2544cb7d4e21a5bbb9ced6a235a7801bb7c", size = 70486, upload-time = "2024-11-15T19:20:45.143Z" },
    { url = "https://files.pythonhosted.org/packages/af/bc/0d260ca805b652c3f1a202b22e17c7d40de122f477b15c69d7c8fe09fe6b/zfec-1.6.0.0-cp313-cp313-macosx_10_13_x86_64.whl", hash = "sha256:fc2ada82b3567b020a8093c75e8f86ebfa279c290d3a5afc8ce883ba847df9c6", size = 59230, upload-time = "2024-11-15T19:20:46.19Z" },
    { url = "https://files.pythonhosted.org/packages/1e/8c/07f5c5d8276fdb0b65118a7ae886c2295dc52dd757c3f626fbc0db82a2d2/zfec-1.6.0.0-cp313-cp313-macosx_11_0_arm64.whl", hash = "sha256:e5b7a85350e196413fe0a6e278f7bca0f6257d92381432f26d797da5c1e14a21", size = 58955, upload-time = "2024-11-15T19:20:47.894Z" },
    { url = "https://files.pythonhosted.org/packages/e3/d1/1ee3da16bef295634cb96cefe239346e08a8b6459995a19115615c80adb5/zfec-1.6.0.0-cp313-cp313-manylinux_2_17_x86_64.manylinux2014_x86_64.manylinux_2_28_x86_64.whl", hash = "sha256:6f3ce5e173ec68bf2c000dea131062b1b135f4df113f44183e28a4679d5a330e", size = 94809, upload-time = "2024-11-15T19:20:48.9Z" },
    { url = "https://files.pythonhosted.org/packages/df/8a/a9770d91fbd8c25f1d4ea8f2289fcf44e0b965dff320b97953a46a9a2a6f/zfec-1.6.0.0-cp313-cp313-manylinux_2_5_i686.manylinux1_i686.manylinux_2_17_i686.manylinux2014_i686.whl", hash = "sha256:3ac37e65ba8e7a0e54ba26f22617073fc6698f8276e5a95286b054acdbc94d9f", size = 83317, upload-time = "2024-11-15T19:20:50.039Z" },
    { url = "https://files.pythonhosted.org/packages/ab/8f/7e9ee7341cbcbe1402f2c38fb4fcb588bc6ae2dbd5ce86421dbaacc49d29/zfec-1.6.0.0-cp313-cp313-musllinux_1_2_i686.whl", hash = "sha256:8239c326f0fcfef81c1208db562f3d4bdb8f37f7746189aa2b640c3ab938c116", size = 94648, upload-time = "2024-11-15T19:20:51.144Z" },
    { url = "https://files.pythonhosted.org/packages/22/a5/57999252a5976299531ff2df868fb16b0ab0447580815e0bd0e2c25245d8/zfec-1.6.0.0-cp313-cp313-musllinux_1_2_x86_64.whl", hash = "sha256:c95225abf9de55e4fedc1ab77d44272da8a925d1a5f6afa03bd96480b52db28b", size = 94045, upload-time = "2024-11-15T19:20:52.173Z" },
    { url = "https://files.pythonhosted.org/packages/80/70/e92cc8d0ac721ffaba94b98beee3e0b907aef0f26256fe09a618ed0c9101/zfec-1.6.0.0-cp313-cp313-win32.whl", hash = "sha256:d9cc4caa0850f07192c1f81067ecc578f09d0e8bb4dc732e2cc47ab629a4ec37", size = 59432, upload-time = "2024-11-15T19:20:53.173Z" },
    { url = "https://files.pythonhosted.org/packages/cc/e5/bcc57e3e1cb80ce1bcc7c6c0618e5bbf2d7319ec374ae93f5b5799224c8f/zfec-1.6.0.0-cp313-cp313-win_amd64.whl", hash = "sha256:1996db11e5126ddfd5a7e81bc69299e757151e42b94852e53a65ce91e633e441", size = 61049, upload-time = "2024-11-15T19:20:55.629Z" },
]
